
Microsoft Visual Studio Solution File, Format Version 12.00
# Visual Studio Version 17
VisualStudioVersion = 17.9.34728.123
MinimumVisualStudioVersion = 10.0.40219.1
Project("{FAE04EC0-301F-11D3-BF4B-00C04F79EFBC}") = "ASP .NET Customer", "ASP .NET Customer\ASP .NET Customer.csproj", "{259E03AA-FB7B-496D-955B-D45FA2F6E2D0}"
EndProject
Global
	GlobalSection(SolutionConfigurationPlatforms) = preSolution
		Debug|Any CPU = Debug|Any CPU
		Release|Any CPU = Release|Any CPU
	EndGlobalSection
	GlobalSection(ProjectConfigurationPlatforms) = postSolution
		{259E03AA-FB7B-496D-955B-D45FA2F6E2D0}.Debug|Any CPU.ActiveCfg = Debug|Any CPU
		{259E03AA-FB7B-496D-955B-D45FA2F6E2D0}.Debug|Any CPU.Build.0 = Debug|Any CPU
		{259E03AA-FB7B-496D-955B-D45FA2F6E2D0}.Release|Any CPU.ActiveCfg = Release|Any CPU
		{259E03AA-FB7B-496D-955B-D45FA2F6E2D0}.Release|Any CPU.Build.0 = Release|Any CPU
	EndGlobalSection
	GlobalSection(SolutionProperties) = preSolution
		HideSolutionNode = FALSE
	EndGlobalSection
	GlobalSection(ExtensibilityGlobals) = postSolution
		SolutionGuid = {D29918E0-746A-4B26-ACCC-CFCA0EC4908C}
	EndGlobalSection
EndGlobal
